Microsoft Visual Studio Solution File, Format Version 12.00
# Visual Studio 14
VisualStudioVersion = 14.0.25420.1
MinimumVisualStudioVersion = 10.0.40219.1
Project("{FAE04EC0-301F-11D3-BF4B-00C04F79EFBC}") = "CustomKanban.Droid", "Droid\CustomKanban.Droid.csproj", "{22801617-D5C6-4341-A6ED-F6492B822B89}"
EndProject
Project("{FAE04EC0-301F-11D3-BF4B-00C04F79EFBC}") = "CustomKanban", "CustomKanban\CustomKanban.csproj", "{63739D4A-E01A-4807-ADF2-4D194A477400}"
EndProject
Project("{FAE04EC0-301F-11D3-BF4B-00C04F79EFBC}") = "CustomKanban.iOS", "CustomKanban.iOS\CustomKanban.iOS.csproj", "{AABB34C7-2C51-4F4A-8ABF-0E932458198D}"
EndProject
Project("{FAE04EC0-301F-11D3-BF4B-00C04F79EFBC}") = "CustomKanban.UWP", "CustomKanban.UWP\CustomKanban.UWP.csproj", "{9E36660D-BC9F-444B-8BB9-F3E2D39F64D1}"
EndProject
Global
	GlobalSection(SolutionConfigurationPlatforms) = preSolution
		Ad-Hoc|Any CPU = Ad-Hoc|Any CPU
		Ad-Hoc|ARM = Ad-Hoc|ARM
		Ad-Hoc|iPhone = Ad-Hoc|iPhone
		Ad-Hoc|iPhoneSimulator = Ad-Hoc|iPhoneSimulator
		Ad-Hoc|x64 = Ad-Hoc|x64
		Ad-Hoc|x86 = Ad-Hoc|x86
		AppStore|Any CPU = AppStore|Any CPU
		AppStore|ARM = AppStore|ARM
		AppStore|iPhone = AppStore|iPhone
		AppStore|iPhoneSimulator = AppStore|iPhoneSimulator
		AppStore|x64 = AppStore|x64
		AppStore|x86 = AppStore|x86
		Debug|Any CPU = Debug|Any CPU
		Debug|ARM = Debug|ARM
		Debug|iPhone = Debug|iPhone
		Debug|iPhoneSimulator = Debug|iPhoneSimulator
		Debug|x64 = Debug|x64
		Debug|x86 = Debug|x86
		Release|Any CPU = Release|Any CPU
		Release|ARM = Release|ARM
		Release|iPhone = Release|iPhone
		Release|iPhoneSimulator = Release|iPhoneSimulator
		Release|x64 = Release|x64
		Release|x86 = Release|x86
		Release-xml|Any CPU = Release-xml|Any CPU
		Release-xml|ARM = Release-xml|ARM
		Release-xml|iPhone = Release-xml|iPhone
		Release-xml|iPhoneSimulator = Release-xml|iPhoneSimulator
		Release-xml|x64 = Release-xml|x64
		Release-xml|x86 = Release-xml|x86
	EndGlobalSection
	GlobalSection(ProjectConfigurationPlatforms) = postSolution
		{22801617-D5C6-4341-A6ED-F6492B822B89}.Ad-Hoc|Any CPU.ActiveCfg = Release|Any CPU
		{22801617-D5C6-4341-A6ED-F6492B822B89}.Ad-Hoc|Any CPU.Build.0 = Release|Any CPU
		{22801617-D5C6-4341-A6ED-F6492B822B89}.Ad-Hoc|Any CPU.Deploy.0 = Release|Any CPU
		{22801617-D5C6-4341-A6ED-F6492B822B89}.Ad-Hoc|ARM.ActiveCfg = Release|Any CPU
		{22801617-D5C6-4341-A6ED-F6492B822B89}.Ad-Hoc|ARM.Build.0 = Release|Any CPU
		{22801617-D5C6-4341-A6ED-F6492B822B89}.Ad-Hoc|ARM.Deploy.0 = Release|Any CPU
		{22801617-D5C6-4341-A6ED-F6492B822B89}.Ad-Hoc|iPhone.ActiveCfg = Debug|Any CPU
		{22801617-D5C6-4341-A6ED-F6492B822B89}.Ad-Hoc|iPhone.Build.0 = Debug|Any CPU
		{22801617-D5C6-4341-A6ED-F6492B822B89}.Ad-Hoc|iPhoneSimulator.ActiveCfg = Release|Any CPU
		{22801617-D5C6-4341-A6ED-F6492B822B89}.Ad-Hoc|iPhoneSimulator.Build.0 = Release|Any CPU
		{22801617-D5C6-4341-A6ED-F6492B822B89}.Ad-Hoc|iPhoneSimulator.Deploy.0 = Release|Any CPU
		{22801617-D5C6-4341-A6ED-F6492B822B89}.Ad-Hoc|x64.ActiveCfg = Release|Any CPU
		{22801617-D5C6-4341-A6ED-F6492B822B89}.Ad-Hoc|x64.Build.0 = Release|Any CPU
		{22801617-D5C6-4341-A6ED-F6492B822B89}.Ad-Hoc|x64.Deploy.0 = Release|Any CPU
		{22801617-D5C6-4341-A6ED-F6492B822B89}.Ad-Hoc|x86.ActiveCfg = Release|Any CPU
		{22801617-D5C6-4341-A6ED-F6492B822B89}.Ad-Hoc|x86.Build.0 = Release|Any CPU
		{22801617-D5C6-4341-A6ED-F6492B822B89}.Ad-Hoc|x86.Deploy.0 = Release|Any CPU
		{22801617-D5C6-4341-A6ED-F6492B822B89}.AppStore|Any CPU.ActiveCfg = Release|Any CPU
		{22801617-D5C6-4341-A6ED-F6492B822B89}.AppStore|Any CPU.Build.0 = Release|Any CPU
		{22801617-D5C6-4341-A6ED-F6492B822B89}.AppStore|Any CPU.Deploy.0 = Release|Any CPU
		{22801617-D5C6-4341-A6ED-F6492B822B89}.AppStore|ARM.ActiveCfg = Release|Any CPU
		{22801617-D5C6-4341-A6ED-F6492B822B89}.AppStore|ARM.Build.0 = Release|Any CPU
		{22801617-D5C6-4341-A6ED-F6492B822B89}.AppStore|ARM.Deploy.0 = Release|Any CPU
		{22801617-D5C6-4341-A6ED-F6492B822B89}.AppStore|iPhone.ActiveCfg = Debug|Any CPU
		{22801617-D5C6-4341-A6ED-F6492B822B89}.AppStore|iPhone.Build.0 = Debug|Any CPU
		{22801617-D5C6-4341-A6ED-F6492B822B89}.AppStore|iPhoneSimulator.ActiveCfg = Release|Any CPU
		{22801617-D5C6-4341-A6ED-F6492B822B89}.AppStore|iPhoneSimulator.Build.0 = Release|Any CPU
		{22801617-D5C6-4341-A6ED-F6492B822B89}.AppStore|iPhoneSimulator.Deploy.0 = Release|Any CPU
		{22801617-D5C6-4341-A6ED-F6492B822B89}.AppStore|x64.ActiveCfg = Release|Any CPU
		{22801617-D5C6-4341-A6ED-F6492B822B89}.AppStore|x64.Build.0 = Release|Any CPU
		{22801617-D5C6-4341-A6ED-F6492B822B89}.AppStore|x64.Deploy.0 = Release|Any CPU
		{22801617-D5C6-4341-A6ED-F6492B822B89}.AppStore|x86.ActiveCfg = Release|Any CPU
		{22801617-D5C6-4341-A6ED-F6492B822B89}.AppStore|x86.Build.0 = Release|Any CPU
		{22801617-D5C6-4341-A6ED-F6492B822B89}.AppStore|x86.Deploy.0 = Release|Any CPU
		{22801617-D5C6-4341-A6ED-F6492B822B89}.Debug|Any CPU.ActiveCfg = Debug|Any CPU
		{22801617-D5C6-4341-A6ED-F6492B822B89}.Debug|Any CPU.Build.0 = Debug|Any CPU
		{22801617-D5C6-4341-A6ED-F6492B822B89}.Debug|Any CPU.Deploy.0 = Debug|Any CPU
		{22801617-D5C6-4341-A6ED-F6492B822B89}.Debug|ARM.ActiveCfg = Debug|Any CPU
		{22801617-D5C6-4341-A6ED-F6492B822B89}.Debug|ARM.Build.0 = Debug|Any CPU
		{22801617-D5C6-4341-A6ED-F6492B822B89}.Debug|ARM.Deploy.0 = Debug|Any CPU
		{22801617-D5C6-4341-A6ED-F6492B822B89}.Debug|iPhone.ActiveCfg = Debug|Any CPU
		{22801617-D5C6-4341-A6ED-F6492B822B89}.Debug|iPhone.Build.0 = Debug|Any CPU
		{22801617-D5C6-4341-A6ED-F6492B822B89}.Debug|iPhoneSimulator.ActiveCfg = Debug|Any CPU
		{22801617-D5C6-4341-A6ED-F6492B822B89}.Debug|iPhoneSimulator.Build.0 = Debug|Any CPU
		{22801617-D5C6-4341-A6ED-F6492B822B89}.Debug|x64.ActiveCfg = Debug|Any CPU
		{22801617-D5C6-4341-A6ED-F6492B822B89}.Debug|x64.Build.0 = Debug|Any CPU
		{22801617-D5C6-4341-A6ED-F6492B822B89}.Debug|x64.Deploy.0 = Debug|Any CPU
		{22801617-D5C6-4341-A6ED-F6492B822B89}.Debug|x86.ActiveCfg = Debug|Any CPU
		{22801617-D5C6-4341-A6ED-F6492B822B89}.Debug|x86.Build.0 = Debug|Any CPU
		{22801617-D5C6-4341-A6ED-F6492B822B89}.Debug|x86.Deploy.0 = Debug|Any CPU
		{22801617-D5C6-4341-A6ED-F6492B822B89}.Release|Any CPU.ActiveCfg = Release|Any CPU
		{22801617-D5C6-4341-A6ED-F6492B822B89}.Release|Any CPU.Build.0 = Release|Any CPU
		{22801617-D5C6-4341-A6ED-F6492B822B89}.Release|ARM.ActiveCfg = Release|Any CPU
		{22801617-D5C6-4341-A6ED-F6492B822B89}.Release|ARM.Build.0 = Release|Any CPU
		{22801617-D5C6-4341-A6ED-F6492B822B89}.Release|ARM.Deploy.0 = Release|Any CPU
		{22801617-D5C6-4341-A6ED-F6492B822B89}.Release|iPhone.ActiveCfg = Release|Any CPU
		{22801617-D5C6-4341-A6ED-F6492B822B89}.Release|iPhone.Build.0 = Release|Any CPU
		{22801617-D5C6-4341-A6ED-F6492B822B89}.Release|iPhoneSimulator.ActiveCfg = Release|Any CPU
		{22801617-D5C6-4341-A6ED-F6492B822B89}.Release|iPhoneSimulator.Build.0 = Release|Any CPU
		{22801617-D5C6-4341-A6ED-F6492B822B89}.Release|x64.ActiveCfg = Release|Any CPU
		{22801617-D5C6-4341-A6ED-F6492B822B89}.Release|x64.Build.0 = Release|Any CPU
		{22801617-D5C6-4341-A6ED-F6492B822B89}.Release|x64.Deploy.0 = Release|Any CPU
		{22801617-D5C6-4341-A6ED-F6492B822B89}.Release|x86.ActiveCfg = Release|Any CPU
		{22801617-D5C6-4341-A6ED-F6492B822B89}.Release|x86.Build.0 = Release|Any CPU
		{22801617-D5C6-4341-A6ED-F6492B822B89}.Release|x86.Deploy.0 = Release|Any CPU
		{22801617-D5C6-4341-A6ED-F6492B822B89}.Release-xml|Any CPU.ActiveCfg = Debug|Any CPU
		{22801617-D5C6-4341-A6ED-F6492B822B89}.Release-xml|Any CPU.Build.0 = Debug|Any CPU
		{22801617-D5C6-4341-A6ED-F6492B822B89}.Release-xml|ARM.ActiveCfg = Release|Any CPU
		{22801617-D5C6-4341-A6ED-F6492B822B89}.Release-xml|ARM.Build.0 = Release|Any CPU
		{22801617-D5C6-4341-A6ED-F6492B822B89}.Release-xml|ARM.Deploy.0 = Release|Any CPU
		{22801617-D5C6-4341-A6ED-F6492B822B89}.Release-xml|iPhone.ActiveCfg = Debug|Any CPU
		{22801617-D5C6-4341-A6ED-F6492B822B89}.Release-xml|iPhone.Build.0 = Debug|Any CPU
		{22801617-D5C6-4341-A6ED-F6492B822B89}.Release-xml|iPhoneSimulator.ActiveCfg = Debug|Any CPU
		{22801617-D5C6-4341-A6ED-F6492B822B89}.Release-xml|iPhoneSimulator.Build.0 = Debug|Any CPU
		{22801617-D5C6-4341-A6ED-F6492B822B89}.Release-xml|x64.ActiveCfg = Release|Any CPU
		{22801617-D5C6-4341-A6ED-F6492B822B89}.Release-xml|x64.Build.0 = Release|Any CPU
		{22801617-D5C6-4341-A6ED-F6492B822B89}.Release-xml|x64.Deploy.0 = Release|Any CPU
		{22801617-D5C6-4341-A6ED-F6492B822B89}.Release-xml|x86.ActiveCfg = Release|Any CPU
		{22801617-D5C6-4341-A6ED-F6492B822B89}.Release-xml|x86.Build.0 = Release|Any CPU
		{22801617-D5C6-4341-A6ED-F6492B822B89}.Release-xml|x86.Deploy.0 = Release|Any CPU
		{63739D4A-E01A-4807-ADF2-4D194A477400}.Ad-Hoc|Any CPU.ActiveCfg = Release|Any CPU
		{63739D4A-E01A-4807-ADF2-4D194A477400}.Ad-Hoc|Any CPU.Build.0 = Release|Any CPU
		{63739D4A-E01A-4807-ADF2-4D194A477400}.Ad-Hoc|ARM.ActiveCfg = Release|Any CPU
		{63739D4A-E01A-4807-ADF2-4D194A477400}.Ad-Hoc|ARM.Build.0 = Release|Any CPU
		{63739D4A-E01A-4807-ADF2-4D194A477400}.Ad-Hoc|iPhone.ActiveCfg = Release|Any CPU
		{63739D4A-E01A-4807-ADF2-4D194A477400}.Ad-Hoc|iPhone.Build.0 = Release|Any CPU
		{63739D4A-E01A-4807-ADF2-4D194A477400}.Ad-Hoc|iPhoneSimulator.ActiveCfg = Release|Any CPU
		{63739D4A-E01A-4807-ADF2-4D194A477400}.Ad-Hoc|iPhoneSimulator.Build.0 = Release|Any CPU
		{63739D4A-E01A-4807-ADF2-4D194A477400}.Ad-Hoc|x64.ActiveCfg = Release|Any CPU
		{63739D4A-E01A-4807-ADF2-4D194A477400}.Ad-Hoc|x64.Build.0 = Release|Any CPU
		{63739D4A-E01A-4807-ADF2-4D194A477400}.Ad-Hoc|x86.ActiveCfg = Release|Any CPU
		{63739D4A-E01A-4807-ADF2-4D194A477400}.Ad-Hoc|x86.Build.0 = Release|Any CPU
		{63739D4A-E01A-4807-ADF2-4D194A477400}.AppStore|Any CPU.ActiveCfg = Release|Any CPU
		{63739D4A-E01A-4807-ADF2-4D194A477400}.AppStore|Any CPU.Build.0 = Release|Any CPU
		{63739D4A-E01A-4807-ADF2-4D194A477400}.AppStore|ARM.ActiveCfg = Release|Any CPU
		{63739D4A-E01A-4807-ADF2-4D194A477400}.AppStore|ARM.Build.0 = Release|Any CPU
		{63739D4A-E01A-4807-ADF2-4D194A477400}.AppStore|iPhone.ActiveCfg = Release|Any CPU
		{63739D4A-E01A-4807-ADF2-4D194A477400}.AppStore|iPhone.Build.0 = Release|Any CPU
		{63739D4A-E01A-4807-ADF2-4D194A477400}.AppStore|iPhoneSimulator.ActiveCfg = Release|Any CPU
		{63739D4A-E01A-4807-ADF2-4D194A477400}.AppStore|iPhoneSimulator.Build.0 = Release|Any CPU
		{63739D4A-E01A-4807-ADF2-4D194A477400}.AppStore|x64.ActiveCfg = Release|Any CPU
		{63739D4A-E01A-4807-ADF2-4D194A477400}.AppStore|x64.Build.0 = Release|Any CPU
		{63739D4A-E01A-4807-ADF2-4D194A477400}.AppStore|x86.ActiveCfg = Release|Any CPU
		{63739D4A-E01A-4807-ADF2-4D194A477400}.AppStore|x86.Build.0 = Release|Any CPU
		{63739D4A-E01A-4807-ADF2-4D194A477400}.Debug|Any CPU.ActiveCfg = Debug|Any CPU
		{63739D4A-E01A-4807-ADF2-4D194A477400}.Debug|Any CPU.Build.0 = Debug|Any CPU
		{63739D4A-E01A-4807-ADF2-4D194A477400}.Debug|ARM.ActiveCfg = Debug|Any CPU
		{63739D4A-E01A-4807-ADF2-4D194A477400}.Debug|ARM.Build.0 = Debug|Any CPU
		{63739D4A-E01A-4807-ADF2-4D194A477400}.Debug|iPhone.ActiveCfg = Debug|Any CPU
		{63739D4A-E01A-4807-ADF2-4D194A477400}.Debug|iPhone.Build.0 = Debug|Any CPU
		{63739D4A-E01A-4807-ADF2-4D194A477400}.Debug|iPhoneSimulator.ActiveCfg = Debug|Any CPU
		{63739D4A-E01A-4807-ADF2-4D194A477400}.Debug|iPhoneSimulator.Build.0 = Debug|Any CPU
		{63739D4A-E01A-4807-ADF2-4D194A477400}.Debug|x64.ActiveCfg = Debug|Any CPU
		{63739D4A-E01A-4807-ADF2-4D194A477400}.Debug|x64.Build.0 = Debug|Any CPU
		{63739D4A-E01A-4807-ADF2-4D194A477400}.Debug|x86.ActiveCfg = Debug|Any CPU
		{63739D4A-E01A-4807-ADF2-4D194A477400}.Debug|x86.Build.0 = Debug|Any CPU
		{63739D4A-E01A-4807-ADF2-4D194A477400}.Release|Any CPU.ActiveCfg = Release|Any CPU
		{63739D4A-E01A-4807-ADF2-4D194A477400}.Release|Any CPU.Build.0 = Release|Any CPU
		{63739D4A-E01A-4807-ADF2-4D194A477400}.Release|ARM.ActiveCfg = Release|Any CPU
		{63739D4A-E01A-4807-ADF2-4D194A477400}.Release|ARM.Build.0 = Release|Any CPU
		{63739D4A-E01A-4807-ADF2-4D194A477400}.Release|iPhone.ActiveCfg = Release|Any CPU
		{63739D4A-E01A-4807-ADF2-4D194A477400}.Release|iPhone.Build.0 = Release|Any CPU
		{63739D4A-E01A-4807-ADF2-4D194A477400}.Release|iPhoneSimulator.ActiveCfg = Release|Any CPU
		{63739D4A-E01A-4807-ADF2-4D194A477400}.Release|iPhoneSimulator.Build.0 = Release|Any CPU
		{63739D4A-E01A-4807-ADF2-4D194A477400}.Release|x64.ActiveCfg = Release|Any CPU
		{63739D4A-E01A-4807-ADF2-4D194A477400}.Release|x64.Build.0 = Release|Any CPU
		{63739D4A-E01A-4807-ADF2-4D194A477400}.Release|x86.ActiveCfg = Release|Any CPU
		{63739D4A-E01A-4807-ADF2-4D194A477400}.Release|x86.Build.0 = Release|Any CPU
		{63739D4A-E01A-4807-ADF2-4D194A477400}.Release-xml|Any CPU.ActiveCfg = Release|Any CPU
		{63739D4A-E01A-4807-ADF2-4D194A477400}.Release-xml|Any CPU.Build.0 = Release|Any CPU
		{63739D4A-E01A-4807-ADF2-4D194A477400}.Release-xml|ARM.ActiveCfg = Release|Any CPU
		{63739D4A-E01A-4807-ADF2-4D194A477400}.Release-xml|ARM.Build.0 = Release|Any CPU
		{63739D4A-E01A-4807-ADF2-4D194A477400}.Release-xml|iPhone.ActiveCfg = Release|Any CPU
		{63739D4A-E01A-4807-ADF2-4D194A477400}.Release-xml|iPhone.Build.0 = Release|Any CPU
		{63739D4A-E01A-4807-ADF2-4D194A477400}.Release-xml|iPhoneSimulator.ActiveCfg = Release|Any CPU
		{63739D4A-E01A-4807-ADF2-4D194A477400}.Release-xml|iPhoneSimulator.Build.0 = Release|Any CPU
		{63739D4A-E01A-4807-ADF2-4D194A477400}.Release-xml|x64.ActiveCfg = Release|Any CPU
		{63739D4A-E01A-4807-ADF2-4D194A477400}.Release-xml|x64.Build.0 = Release|Any CPU
		{63739D4A-E01A-4807-ADF2-4D194A477400}.Release-xml|x86.ActiveCfg = Release|Any CPU
		{63739D4A-E01A-4807-ADF2-4D194A477400}.Release-xml|x86.Build.0 = Release|Any CPU
		{AABB34C7-2C51-4F4A-8ABF-0E932458198D}.Ad-Hoc|Any CPU.ActiveCfg = Release|iPhone
		{AABB34C7-2C51-4F4A-8ABF-0E932458198D}.Ad-Hoc|Any CPU.Build.0 = Release|iPhone
		{AABB34C7-2C51-4F4A-8ABF-0E932458198D}.Ad-Hoc|ARM.ActiveCfg = Release|iPhone
		{AABB34C7-2C51-4F4A-8ABF-0E932458198D}.Ad-Hoc|ARM.Build.0 = Release|iPhone
		{AABB34C7-2C51-4F4A-8ABF-0E932458198D}.Ad-Hoc|iPhone.ActiveCfg = Release|iPhone
		{AABB34C7-2C51-4F4A-8ABF-0E932458198D}.Ad-Hoc|iPhone.Build.0 = Release|iPhone
		{AABB34C7-2C51-4F4A-8ABF-0E932458198D}.Ad-Hoc|iPhoneSimulator.ActiveCfg = Release|iPhoneSimulator
		{AABB34C7-2C51-4F4A-8ABF-0E932458198D}.Ad-Hoc|iPhoneSimulator.Build.0 = Release|iPhoneSimulator
		{AABB34C7-2C51-4F4A-8ABF-0E932458198D}.Ad-Hoc|x64.ActiveCfg = Release|iPhone
		{AABB34C7-2C51-4F4A-8ABF-0E932458198D}.Ad-Hoc|x64.Build.0 = Release|iPhone
		{AABB34C7-2C51-4F4A-8ABF-0E932458198D}.Ad-Hoc|x86.ActiveCfg = Release|iPhone
		{AABB34C7-2C51-4F4A-8ABF-0E932458198D}.Ad-Hoc|x86.Build.0 = Release|iPhone
		{AABB34C7-2C51-4F4A-8ABF-0E932458198D}.AppStore|Any CPU.ActiveCfg = Release|iPhone
		{AABB34C7-2C51-4F4A-8ABF-0E932458198D}.AppStore|Any CPU.Build.0 = Release|iPhone
		{AABB34C7-2C51-4F4A-8ABF-0E932458198D}.AppStore|ARM.ActiveCfg = Release|iPhone
		{AABB34C7-2C51-4F4A-8ABF-0E932458198D}.AppStore|ARM.Build.0 = Release|iPhone
		{AABB34C7-2C51-4F4A-8ABF-0E932458198D}.AppStore|iPhone.ActiveCfg = Release|iPhone
		{AABB34C7-2C51-4F4A-8ABF-0E932458198D}.AppStore|iPhone.Build.0 = Release|iPhone
		{AABB34C7-2C51-4F4A-8ABF-0E932458198D}.AppStore|iPhoneSimulator.ActiveCfg = Release|iPhoneSimulator
		{AABB34C7-2C51-4F4A-8ABF-0E932458198D}.AppStore|iPhoneSimulator.Build.0 = Release|iPhoneSimulator
		{AABB34C7-2C51-4F4A-8ABF-0E932458198D}.AppStore|x64.ActiveCfg = Release|iPhone
		{AABB34C7-2C51-4F4A-8ABF-0E932458198D}.AppStore|x64.Build.0 = Release|iPhone
		{AABB34C7-2C51-4F4A-8ABF-0E932458198D}.AppStore|x86.ActiveCfg = Release|iPhone
		{AABB34C7-2C51-4F4A-8ABF-0E932458198D}.AppStore|x86.Build.0 = Release|iPhone
		{AABB34C7-2C51-4F4A-8ABF-0E932458198D}.Debug|Any CPU.ActiveCfg = Debug|iPhone
		{AABB34C7-2C51-4F4A-8ABF-0E932458198D}.Debug|ARM.ActiveCfg = Debug|iPhone
		{AABB34C7-2C51-4F4A-8ABF-0E932458198D}.Debug|iPhone.ActiveCfg = Debug|iPhone
		{AABB34C7-2C51-4F4A-8ABF-0E932458198D}.Debug|iPhone.Build.0 = Debug|iPhone
		{AABB34C7-2C51-4F4A-8ABF-0E932458198D}.Debug|iPhoneSimulator.ActiveCfg = Debug|iPhoneSimulator
		{AABB34C7-2C51-4F4A-8ABF-0E932458198D}.Debug|iPhoneSimulator.Build.0 = Debug|iPhoneSimulator
		{AABB34C7-2C51-4F4A-8ABF-0E932458198D}.Debug|x64.ActiveCfg = Debug|iPhone
		{AABB34C7-2C51-4F4A-8ABF-0E932458198D}.Debug|x86.ActiveCfg = Debug|iPhone
		{AABB34C7-2C51-4F4A-8ABF-0E932458198D}.Release|Any CPU.ActiveCfg = Release|iPhone
		{AABB34C7-2C51-4F4A-8ABF-0E932458198D}.Release|ARM.ActiveCfg = Release|iPhone
		{AABB34C7-2C51-4F4A-8ABF-0E932458198D}.Release|iPhone.ActiveCfg = Release|iPhone
		{AABB34C7-2C51-4F4A-8ABF-0E932458198D}.Release|iPhone.Build.0 = Release|iPhone
		{AABB34C7-2C51-4F4A-8ABF-0E932458198D}.Release|iPhoneSimulator.ActiveCfg = Release|iPhoneSimulator
		{AABB34C7-2C51-4F4A-8ABF-0E932458198D}.Release|iPhoneSimulator.Build.0 = Release|iPhoneSimulator
		{AABB34C7-2C51-4F4A-8ABF-0E932458198D}.Release|x64.ActiveCfg = Release|iPhone
		{AABB34C7-2C51-4F4A-8ABF-0E932458198D}.Release|x86.ActiveCfg = Release|iPhone
		{AABB34C7-2C51-4F4A-8ABF-0E932458198D}.Release-xml|Any CPU.ActiveCfg = Release|iPhone
		{AABB34C7-2C51-4F4A-8ABF-0E932458198D}.Release-xml|Any CPU.Build.0 = Release|iPhone
		{AABB34C7-2C51-4F4A-8ABF-0E932458198D}.Release-xml|ARM.ActiveCfg = Release|iPhone
		{AABB34C7-2C51-4F4A-8ABF-0E932458198D}.Release-xml|ARM.Build.0 = Release|iPhone
		{AABB34C7-2C51-4F4A-8ABF-0E932458198D}.Release-xml|iPhone.ActiveCfg = Release|iPhone
		{AABB34C7-2C51-4F4A-8ABF-0E932458198D}.Release-xml|iPhone.Build.0 = Release|iPhone
		{AABB34C7-2C51-4F4A-8ABF-0E932458198D}.Release-xml|iPhoneSimulator.ActiveCfg = Release|iPhoneSimulator
		{AABB34C7-2C51-4F4A-8ABF-0E932458198D}.Release-xml|iPhoneSimulator.Build.0 = Release|iPhoneSimulator
		{AABB34C7-2C51-4F4A-8ABF-0E932458198D}.Release-xml|x64.ActiveCfg = Release|iPhone
		{AABB34C7-2C51-4F4A-8ABF-0E932458198D}.Release-xml|x64.Build.0 = Release|iPhone
		{AABB34C7-2C51-4F4A-8ABF-0E932458198D}.Release-xml|x86.ActiveCfg = Release|iPhone
		{AABB34C7-2C51-4F4A-8ABF-0E932458198D}.Release-xml|x86.Build.0 = Release|iPhone
		{9E36660D-BC9F-444B-8BB9-F3E2D39F64D1}.Ad-Hoc|Any CPU.ActiveCfg = Release|x64
		{9E36660D-BC9F-444B-8BB9-F3E2D39F64D1}.Ad-Hoc|Any CPU.Build.0 = Release|x64
		{9E36660D-BC9F-444B-8BB9-F3E2D39F64D1}.Ad-Hoc|Any CPU.Deploy.0 = Release|x64
		{9E36660D-BC9F-444B-8BB9-F3E2D39F64D1}.Ad-Hoc|ARM.ActiveCfg = Release|ARM
		{9E36660D-BC9F-444B-8BB9-F3E2D39F64D1}.Ad-Hoc|ARM.Build.0 = Release|ARM
		{9E36660D-BC9F-444B-8BB9-F3E2D39F64D1}.Ad-Hoc|ARM.Deploy.0 = Release|ARM
		{9E36660D-BC9F-444B-8BB9-F3E2D39F64D1}.Ad-Hoc|iPhone.ActiveCfg = Release|x64
		{9E36660D-BC9F-444B-8BB9-F3E2D39F64D1}.Ad-Hoc|iPhone.Build.0 = Release|x64
		{9E36660D-BC9F-444B-8BB9-F3E2D39F64D1}.Ad-Hoc|iPhone.Deploy.0 = Release|x64
		{9E36660D-BC9F-444B-8BB9-F3E2D39F64D1}.Ad-Hoc|iPhoneSimulator.ActiveCfg = Release|x64
		{9E36660D-BC9F-444B-8BB9-F3E2D39F64D1}.Ad-Hoc|iPhoneSimulator.Build.0 = Release|x64
		{9E36660D-BC9F-444B-8BB9-F3E2D39F64D1}.Ad-Hoc|iPhoneSimulator.Deploy.0 = Release|x64
		{9E36660D-BC9F-444B-8BB9-F3E2D39F64D1}.Ad-Hoc|x64.ActiveCfg = Release|x64
		{9E36660D-BC9F-444B-8BB9-F3E2D39F64D1}.Ad-Hoc|x64.Build.0 = Release|x64
		{9E36660D-BC9F-444B-8BB9-F3E2D39F64D1}.Ad-Hoc|x64.Deploy.0 = Release|x64
		{9E36660D-BC9F-444B-8BB9-F3E2D39F64D1}.Ad-Hoc|x86.ActiveCfg = Release|x86
		{9E36660D-BC9F-444B-8BB9-F3E2D39F64D1}.Ad-Hoc|x86.Build.0 = Release|x86
		{9E36660D-BC9F-444B-8BB9-F3E2D39F64D1}.Ad-Hoc|x86.Deploy.0 = Release|x86
		{9E36660D-BC9F-444B-8BB9-F3E2D39F64D1}.AppStore|Any CPU.ActiveCfg = Release|x64
		{9E36660D-BC9F-444B-8BB9-F3E2D39F64D1}.AppStore|Any CPU.Build.0 = Release|x64
		{9E36660D-BC9F-444B-8BB9-F3E2D39F64D1}.AppStore|Any CPU.Deploy.0 = Release|x64
		{9E36660D-BC9F-444B-8BB9-F3E2D39F64D1}.AppStore|ARM.ActiveCfg = Release|ARM
		{9E36660D-BC9F-444B-8BB9-F3E2D39F64D1}.AppStore|ARM.Build.0 = Release|ARM
		{9E36660D-BC9F-444B-8BB9-F3E2D39F64D1}.AppStore|ARM.Deploy.0 = Release|ARM
		{9E36660D-BC9F-444B-8BB9-F3E2D39F64D1}.AppStore|iPhone.ActiveCfg = Release|x64
		{9E36660D-BC9F-444B-8BB9-F3E2D39F64D1}.AppStore|iPhone.Build.0 = Release|x64
		{9E36660D-BC9F-444B-8BB9-F3E2D39F64D1}.AppStore|iPhone.Deploy.0 = Release|x64
		{9E36660D-BC9F-444B-8BB9-F3E2D39F64D1}.AppStore|iPhoneSimulator.ActiveCfg = Release|x64
		{9E36660D-BC9F-444B-8BB9-F3E2D39F64D1}.AppStore|iPhoneSimulator.Build.0 = Release|x64
		{9E36660D-BC9F-444B-8BB9-F3E2D39F64D1}.AppStore|iPhoneSimulator.Deploy.0 = Release|x64
		{9E36660D-BC9F-444B-8BB9-F3E2D39F64D1}.AppStore|x64.ActiveCfg = Release|x64
		{9E36660D-BC9F-444B-8BB9-F3E2D39F64D1}.AppStore|x64.Build.0 = Release|x64
		{9E36660D-BC9F-444B-8BB9-F3E2D39F64D1}.AppStore|x64.Deploy.0 = Release|x64
		{9E36660D-BC9F-444B-8BB9-F3E2D39F64D1}.AppStore|x86.ActiveCfg = Release|x86
		{9E36660D-BC9F-444B-8BB9-F3E2D39F64D1}.AppStore|x86.Build.0 = Release|x86
		{9E36660D-BC9F-444B-8BB9-F3E2D39F64D1}.AppStore|x86.Deploy.0 = Release|x86
		{9E36660D-BC9F-444B-8BB9-F3E2D39F64D1}.Debug|Any CPU.ActiveCfg = Debug|x86
		{9E36660D-BC9F-444B-8BB9-F3E2D39F64D1}.Debug|Any CPU.Build.0 = Debug|x86
		{9E36660D-BC9F-444B-8BB9-F3E2D39F64D1}.Debug|Any CPU.Deploy.0 = Debug|x86
		{9E36660D-BC9F-444B-8BB9-F3E2D39F64D1}.Debug|ARM.ActiveCfg = Debug|ARM
		{9E36660D-BC9F-444B-8BB9-F3E2D39F64D1}.Debug|ARM.Build.0 = Debug|ARM
		{9E36660D-BC9F-444B-8BB9-F3E2D39F64D1}.Debug|ARM.Deploy.0 = Debug|ARM
		{9E36660D-BC9F-444B-8BB9-F3E2D39F64D1}.Debug|iPhone.ActiveCfg = Debug|x86
		{9E36660D-BC9F-444B-8BB9-F3E2D39F64D1}.Debug|iPhoneSimulator.ActiveCfg = Debug|x86
		{9E36660D-BC9F-444B-8BB9-F3E2D39F64D1}.Debug|x64.ActiveCfg = Debug|x64
		{9E36660D-BC9F-444B-8BB9-F3E2D39F64D1}.Debug|x64.Build.0 = Debug|x64
		{9E36660D-BC9F-444B-8BB9-F3E2D39F64D1}.Debug|x64.Deploy.0 = Debug|x64
		{9E36660D-BC9F-444B-8BB9-F3E2D39F64D1}.Debug|x86.ActiveCfg = Debug|x86
		{9E36660D-BC9F-444B-8BB9-F3E2D39F64D1}.Debug|x86.Build.0 = Debug|x86
		{9E36660D-BC9F-444B-8BB9-F3E2D39F64D1}.Debug|x86.Deploy.0 = Debug|x86
		{9E36660D-BC9F-444B-8BB9-F3E2D39F64D1}.Release|Any CPU.ActiveCfg = Release|x86
		{9E36660D-BC9F-444B-8BB9-F3E2D39F64D1}.Release|ARM.ActiveCfg = Release|ARM
		{9E36660D-BC9F-444B-8BB9-F3E2D39F64D1}.Release|ARM.Build.0 = Release|ARM
		{9E36660D-BC9F-444B-8BB9-F3E2D39F64D1}.Release|ARM.Deploy.0 = Release|ARM
		{9E36660D-BC9F-444B-8BB9-F3E2D39F64D1}.Release|iPhone.ActiveCfg = Release|x86
		{9E36660D-BC9F-444B-8BB9-F3E2D39F64D1}.Release|iPhoneSimulator.ActiveCfg = Release|x86
		{9E36660D-BC9F-444B-8BB9-F3E2D39F64D1}.Release|x64.ActiveCfg = Release|x64
		{9E36660D-BC9F-444B-8BB9-F3E2D39F64D1}.Release|x64.Build.0 = Release|x64
		{9E36660D-BC9F-444B-8BB9-F3E2D39F64D1}.Release|x64.Deploy.0 = Release|x64
		{9E36660D-BC9F-444B-8BB9-F3E2D39F64D1}.Release|x86.ActiveCfg = Release|x86
		{9E36660D-BC9F-444B-8BB9-F3E2D39F64D1}.Release|x86.Build.0 = Release|x86
		{9E36660D-BC9F-444B-8BB9-F3E2D39F64D1}.Release|x86.Deploy.0 = Release|x86
		{9E36660D-BC9F-444B-8BB9-F3E2D39F64D1}.Release-xml|Any CPU.ActiveCfg = Release|x64
		{9E36660D-BC9F-444B-8BB9-F3E2D39F64D1}.Release-xml|Any CPU.Build.0 = Release|x64
		{9E36660D-BC9F-444B-8BB9-F3E2D39F64D1}.Release-xml|Any CPU.Deploy.0 = Release|x64
		{9E36660D-BC9F-444B-8BB9-F3E2D39F64D1}.Release-xml|ARM.ActiveCfg = Release|ARM
		{9E36660D-BC9F-444B-8BB9-F3E2D39F64D1}.Release-xml|ARM.Build.0 = Release|ARM
		{9E36660D-BC9F-444B-8BB9-F3E2D39F64D1}.Release-xml|ARM.Deploy.0 = Release|ARM
		{9E36660D-BC9F-444B-8BB9-F3E2D39F64D1}.Release-xml|iPhone.ActiveCfg = Release|x64
		{9E36660D-BC9F-444B-8BB9-F3E2D39F64D1}.Release-xml|iPhone.Build.0 = Release|x64
		{9E36660D-BC9F-444B-8BB9-F3E2D39F64D1}.Release-xml|iPhone.Deploy.0 = Release|x64
		{9E36660D-BC9F-444B-8BB9-F3E2D39F64D1}.Release-xml|iPhoneSimulator.ActiveCfg = Release|x64
		{9E36660D-BC9F-444B-8BB9-F3E2D39F64D1}.Release-xml|iPhoneSimulator.Build.0 = Release|x64
		{9E36660D-BC9F-444B-8BB9-F3E2D39F64D1}.Release-xml|iPhoneSimulator.Deploy.0 = Release|x64
		{9E36660D-BC9F-444B-8BB9-F3E2D39F64D1}.Release-xml|x64.ActiveCfg = Release|x64
		{9E36660D-BC9F-444B-8BB9-F3E2D39F64D1}.Release-xml|x64.Build.0 = Release|x64
		{9E36660D-BC9F-444B-8BB9-F3E2D39F64D1}.Release-xml|x64.Deploy.0 = Release|x64
		{9E36660D-BC9F-444B-8BB9-F3E2D39F64D1}.Release-xml|x86.ActiveCfg = Release|x86
		{9E36660D-BC9F-444B-8BB9-F3E2D39F64D1}.Release-xml|x86.Build.0 = Release|x86
		{9E36660D-BC9F-444B-8BB9-F3E2D39F64D1}.Release-xml|x86.Deploy.0 = Release|x86
	EndGlobalSection
	GlobalSection(SolutionProperties) = preSolution
		HideSolutionNode = FALSE
	EndGlobalSection
EndGlobal
